<?xml version="1.0" encoding="UTF-8"?>
<CONFIG>
  <ProjectOptions>
    <Version Value="12"/>
    <PathDelim Value="\"/>
    <General>
      <Flags>
        <MainUnitHasCreateFormStatements Value="False"/>
        <MainUnitHasTitleStatement Value="False"/>
        <MainUnitHasScaledStatement Value="False"/>
      </Flags>
      <SessionStorage Value="InProjectDir"/>
      <Title Value="nfeminima_emite"/>
      <UseAppBundle Value="False"/>
      <ResourceType Value="res"/>
    </General>
    <MacroValues Count="1">
      <Macro1 Name="LCLWidgetType" Value="nogui"/>
    </MacroValues>
    <BuildModes>
      <Item Name="Default" Default="True"/>
      <Item Name="Linux">
        <CompilerOptions>
          <Version Value="11"/>
          <PathDelim Value="\"/>
          <Target>
            <Filename Value="executables\$(TargetCPU)-$(TargetOS)\nfeminima_emite"/>
          </Target>
          <SearchPaths>
            <IncludeFiles Value="$(ProjOutDir);C:\ACBR\Fontes\ACBrComum\"/>
            <OtherUnitFiles Value="C:\ACBR\Fontes\ACBrDFe\;C:\ACBR\Fontes\ACBrComum\;C:\lazarus\components\lazutils\;C:\ACBR\Fontes\Terceiros\synalist\;C:\ACBR\Fontes\ACBrDFe\ACBrNFe\;C:\ACBR\Fontes\PCNComum\;C:\ACBR\Fontes\Terceiros\FastStringReplace\;C:\ACBR\Fontes\Terceiros\GZIPUtils\;C:\ACBR\Fontes\ACBrTCP\;C:\ACBR\Fontes\ACBrOpenSSL\;C:\ACBR\Fontes\ACBrIntegrador\;C:\ACBR\Fontes\ACBrDiversos\;C:\ACBR\Fontes\ACBrIntegrador\pcnVFPe\;C:\ACBR\Fontes\ACBrLibXML2\;C:\ACBR\Fontes\Terceiros\CodeGear\;C:\ACBR\Fontes\ACBrDFe\ACBrNFe\PCNNFe\;C:\ACBR\Fontes\ACBrDFe\ACBrNFe\Base\;C:\ACBR\Fontes\ACBrDFe\Comum\;C:\ACBR\Fontes\ACBrDFe\ACBrNFe\Base\Servicos\;C:\ACBR\Fontes\ACBrDFe\ACBrNFe\DANFE\;C:\ACBR\Fontes\ACBrDFe\ACBrNFe\DANFE\NFe\FPDF\;C:\ACBR\Fontes\Terceiros\FPDF-Pascal\;C:\ACBR\Fontes\Terceiros\DelphiZXingQRCode\;..\CodigoComum"/>
            <UnitOutputDirectory Value="lib\$(TargetCPU)-$(TargetOS)"/>
          </SearchPaths>
          <CodeGeneration>
            <TargetCPU Value="x86_64"/>
            <TargetOS Value="linux"/>
            <Optimizations>
              <OptimizationLevel Value="3"/>
            </Optimizations>
          </CodeGeneration>
          <Linking>
            <Debugging>
              <GenerateDebugInfo Value="False"/>
              <DebugInfoType Value="dsDwarf3"/>
              <StripSymbols Value="True"/>
            </Debugging>
            <LinkSmart Value="True"/>
          </Linking>
          <Other>
            <CustomOptions Value="-dUseCThreads
-dNoGUI"/>
          </Other>
        </CompilerOptions>
      </Item>
      <Item Name="Debug">
        <CompilerOptions>
          <Version Value="11"/>
          <PathDelim Value="\"/>
          <Target>
            <Filename Value="executables\$(TargetCPU)-$(TargetOS)\nfeminima_emite"/>
          </Target>
          <SearchPaths>
            <IncludeFiles Value="$(ProjOutDir);C:\ACBR\Fontes\ACBrComum\"/>
            <OtherUnitFiles Value="C:\ACBR\Fontes\ACBrDFe\;C:\ACBR\Fontes\ACBrComum\;C:\lazarus\components\lazutils\;C:\ACBR\Fontes\Terceiros\synalist\;C:\ACBR\Fontes\ACBrDFe\ACBrNFe\;C:\ACBR\Fontes\PCNComum\;C:\ACBR\Fontes\Terceiros\FastStringReplace\;C:\ACBR\Fontes\Terceiros\GZIPUtils\;C:\ACBR\Fontes\ACBrTCP\;C:\ACBR\Fontes\ACBrOpenSSL\;C:\ACBR\Fontes\ACBrIntegrador\;C:\ACBR\Fontes\ACBrDiversos\;C:\ACBR\Fontes\ACBrIntegrador\pcnVFPe\;C:\ACBR\Fontes\ACBrLibXML2\;C:\ACBR\Fontes\Terceiros\CodeGear\;C:\ACBR\Fontes\ACBrDFe\ACBrNFe\PCNNFe\;C:\ACBR\Fontes\ACBrDFe\ACBrNFe\Base\;C:\ACBR\Fontes\ACBrDFe\Comum\;C:\ACBR\Fontes\ACBrDFe\ACBrNFe\Base\Servicos\;C:\ACBR\Fontes\ACBrDFe\ACBrNFe\DANFE\;C:\ACBR\Fontes\ACBrDFe\ACBrNFe\DANFE\NFe\FPDF\;C:\ACBR\Fontes\Terceiros\FPDF-Pascal\;C:\ACBR\Fontes\Terceiros\DelphiZXingQRCode\;..\CodigoComum"/>
            <UnitOutputDirectory Value="lib\$(TargetCPU)-$(TargetOS)"/>
          </SearchPaths>
          <Parsing>
            <SyntaxOptions>
              <IncludeAssertionCode Value="True"/>
            </SyntaxOptions>
          </Parsing>
          <CodeGeneration>
            <Checks>
              <IOChecks Value="True"/>
              <RangeChecks Value="True"/>
              <OverflowChecks Value="True"/>
              <StackChecks Value="True"/>
            </Checks>
            <VerifyObjMethodCallValidity Value="True"/>
          </CodeGeneration>
          <Linking>
            <Debugging>
              <DebugInfoType Value="dsDwarf3"/>
              <UseHeaptrc Value="True"/>
              <TrashVariables Value="True"/>
              <UseExternalDbgSyms Value="True"/>
            </Debugging>
          </Linking>
          <Other>
            <CustomOptions Value="-dUseCThreads
-dNoGUI"/>
          </Other>
        </CompilerOptions>
      </Item>
      <Item Name="Release">
        <CompilerOptions>
          <Version Value="11"/>
          <PathDelim Value="\"/>
          <Target>
            <Filename Value="executables\$(TargetCPU)-$(TargetOS)\nfeminima_emite"/>
          </Target>
          <SearchPaths>
            <IncludeFiles Value="$(ProjOutDir);C:\ACBR\Fontes\ACBrComum\"/>
            <OtherUnitFiles Value="C:\ACBR\Fontes\ACBrDFe\;C:\ACBR\Fontes\ACBrComum\;C:\lazarus\components\lazutils\;C:\ACBR\Fontes\Terceiros\synalist\;C:\ACBR\Fontes\ACBrDFe\ACBrNFe\;C:\ACBR\Fontes\PCNComum\;C:\ACBR\Fontes\Terceiros\FastStringReplace\;C:\ACBR\Fontes\Terceiros\GZIPUtils\;C:\ACBR\Fontes\ACBrTCP\;C:\ACBR\Fontes\ACBrOpenSSL\;C:\ACBR\Fontes\ACBrIntegrador\;C:\ACBR\Fontes\ACBrDiversos\;C:\ACBR\Fontes\ACBrIntegrador\pcnVFPe\;C:\ACBR\Fontes\ACBrLibXML2\;C:\ACBR\Fontes\Terceiros\CodeGear\;C:\ACBR\Fontes\ACBrDFe\ACBrNFe\PCNNFe\;C:\ACBR\Fontes\ACBrDFe\ACBrNFe\Base\;C:\ACBR\Fontes\ACBrDFe\Comum\;C:\ACBR\Fontes\ACBrDFe\ACBrNFe\Base\Servicos\;C:\ACBR\Fontes\ACBrDFe\ACBrNFe\DANFE\;C:\ACBR\Fontes\ACBrDFe\ACBrNFe\DANFE\NFe\FPDF\;C:\ACBR\Fontes\Terceiros\FPDF-Pascal\;C:\ACBR\Fontes\Terceiros\DelphiZXingQRCode\;..\CodigoComum"/>
            <UnitOutputDirectory Value="lib\$(TargetCPU)-$(TargetOS)"/>
          </SearchPaths>
          <CodeGeneration>
            <SmartLinkUnit Value="True"/>
          </CodeGeneration>
          <Linking>
            <Debugging>
              <GenerateDebugInfo Value="False"/>
              <RunWithoutDebug Value="True"/>
            </Debugging>
            <LinkSmart Value="True"/>
          </Linking>
          <Other>
            <CustomOptions Value="-dUseCThreads
-dNoGUI"/>
          </Other>
        </CompilerOptions>
      </Item>
      <SharedMatrixOptions Count="1">
        <Item1 ID="246709363693" Modes="Default" Type="IDEMacro" MacroName="LCLWidgetType" Value="nogui"/>
      </SharedMatrixOptions>
    </BuildModes>
    <PublishOptions>
      <Version Value="2"/>
      <UseFileFilters Value="True"/>
    </PublishOptions>
    <RunParams>
      <FormatVersion Value="2"/>
    </RunParams>
    <RequiredPackages>
      <Item>
        <PackageName Value="LazUtils"/>
      </Item>
      <Item>
        <PackageName Value="LCLBase"/>
      </Item>
    </RequiredPackages>
    <Units>
      <Unit>
        <Filename Value="nfeminima_emite.lpr"/>
        <IsPartOfProject Value="True"/>
      </Unit>
      <Unit>
        <Filename Value="geracaonfeteste.pas"/>
        <IsPartOfProject Value="True"/>
      </Unit>
      <Unit>
        <Filename Value="udbservice.pas"/>
        <IsPartOfProject Value="True"/>
        <UnitName Value="uDBService"/>
      </Unit>
      <Unit>
        <Filename Value="emissaonfe.pas"/>
        <IsPartOfProject Value="True"/>
        <UnitName Value="EmissaoNFe"/>
      </Unit>
      <Unit>
        <Filename Value="..\CodigoComum\fileloggerunit.pas"/>
        <IsPartOfProject Value="True"/>
        <UnitName Value="FileLoggerUnit"/>
      </Unit>
      <Unit>
        <Filename Value="blindagemfpu.pas"/>
        <IsPartOfProject Value="True"/>
        <UnitName Value="BlindagemFPU"/>
      </Unit>
    </Units>
  </ProjectOptions>
  <CompilerOptions>
    <Version Value="11"/>
    <PathDelim Value="\"/>
    <Target>
      <Filename Value="executables\$(TargetCPU)-$(TargetOS)\nfeminima_emite"/>
    </Target>
    <SearchPaths>
      <IncludeFiles Value="$(ProjOutDir);C:\ACBR\Fontes\ACBrComum\"/>
      <OtherUnitFiles Value="C:\ACBR\Fontes\ACBrDFe\;C:\ACBR\Fontes\ACBrComum\;C:\lazarus\components\lazutils\;C:\ACBR\Fontes\Terceiros\synalist\;C:\ACBR\Fontes\ACBrDFe\ACBrNFe\;C:\ACBR\Fontes\PCNComum\;C:\ACBR\Fontes\Terceiros\FastStringReplace\;C:\ACBR\Fontes\Terceiros\GZIPUtils\;C:\ACBR\Fontes\ACBrTCP\;C:\ACBR\Fontes\ACBrOpenSSL\;C:\ACBR\Fontes\ACBrIntegrador\;C:\ACBR\Fontes\ACBrDiversos\;C:\ACBR\Fontes\ACBrIntegrador\pcnVFPe\;C:\ACBR\Fontes\ACBrLibXML2\;C:\ACBR\Fontes\Terceiros\CodeGear\;C:\ACBR\Fontes\ACBrDFe\ACBrNFe\PCNNFe\;C:\ACBR\Fontes\ACBrDFe\ACBrNFe\Base\;C:\ACBR\Fontes\ACBrDFe\Comum\;C:\ACBR\Fontes\ACBrDFe\ACBrNFe\Base\Servicos\;C:\ACBR\Fontes\ACBrDFe\ACBrNFe\DANFE\;C:\ACBR\Fontes\ACBrDFe\ACBrNFe\DANFE\NFe\FPDF\;C:\ACBR\Fontes\Terceiros\FPDF-Pascal\;C:\ACBR\Fontes\Terceiros\DelphiZXingQRCode\;..\CodigoComum"/>
      <UnitOutputDirectory Value="lib\$(TargetCPU)-$(TargetOS)"/>
    </SearchPaths>
    <Linking>
      <Debugging>
        <DebugInfoType Value="dsDwarf3"/>
      </Debugging>
    </Linking>
    <Other>
      <CustomOptions Value="-dUseCThreads
-dNoGUI"/>
    </Other>
  </CompilerOptions>
  <Debugging>
    <Exceptions>
      <Item>
        <Name Value="EAbort"/>
      </Item>
      <Item>
        <Name Value="ECodetoolError"/>
      </Item>
      <Item>
        <Name Value="EFOpenError"/>
      </Item>
    </Exceptions>
  </Debugging>
</CONFIG>
